
Microsoft Visual Studio Solution File, Format Version 12.00
# Visual Studio 14
VisualStudioVersion = 14.0.24720.0
MinimumVisualStudioVersion = 10.0.40219.1
Project("{FAE04EC0-301F-11D3-BF4B-00C04F79EFBC}") = "StackPanelExampleApp", "StackPanelExampleApp\StackPanelExampleApp.csproj", "{10D8395C-5C98-45B4-BAB6-7EE0EB0AB579}"
EndProject
Project("{FAE04EC0-301F-11D3-BF4B-00C04F79EFBC}") = "RelativePanelExampleApp", "RelativePanelExampleApp\RelativePanelExampleApp.csproj", "{14A65A52-23F7-44F3-BADE-FCBCDC2E9345}"
EndProject
Project("{FAE04EC0-301F-11D3-BF4B-00C04F79EFBC}") = "GridExampleApp", "GridExampleApp\GridExampleApp.csproj", "{90DE9B5F-FA2C-4259-ABA3-648BD23C3494}"
EndProject
Project("{FAE04EC0-301F-11D3-BF4B-00C04F79EFBC}") = "UIPlanningApp", "UIPlanningApp\UIPlanningApp.csproj", "{725644F3-4C1B-4BC8-83C2-A1EA2506697D}"
EndProject
Global
	GlobalSection(SolutionConfigurationPlatforms) = preSolution
		Debug|ARM = Debug|ARM
		Debug|x64 = Debug|x64
		Debug|x86 = Debug|x86
		Release|ARM = Release|ARM
		Release|x64 = Release|x64
		Release|x86 = Release|x86
	EndGlobalSection
	GlobalSection(ProjectConfigurationPlatforms) = postSolution
		{10D8395C-5C98-45B4-BAB6-7EE0EB0AB579}.Debug|ARM.ActiveCfg = Debug|ARM
		{10D8395C-5C98-45B4-BAB6-7EE0EB0AB579}.Debug|ARM.Build.0 = Debug|ARM
		{10D8395C-5C98-45B4-BAB6-7EE0EB0AB579}.Debug|ARM.Deploy.0 = Debug|ARM
		{10D8395C-5C98-45B4-BAB6-7EE0EB0AB579}.Debug|x64.ActiveCfg = Debug|x64
		{10D8395C-5C98-45B4-BAB6-7EE0EB0AB579}.Debug|x64.Build.0 = Debug|x64
		{10D8395C-5C98-45B4-BAB6-7EE0EB0AB579}.Debug|x64.Deploy.0 = Debug|x64
		{10D8395C-5C98-45B4-BAB6-7EE0EB0AB579}.Debug|x86.ActiveCfg = Debug|x86
		{10D8395C-5C98-45B4-BAB6-7EE0EB0AB579}.Debug|x86.Build.0 = Debug|x86
		{10D8395C-5C98-45B4-BAB6-7EE0EB0AB579}.Debug|x86.Deploy.0 = Debug|x86
		{10D8395C-5C98-45B4-BAB6-7EE0EB0AB579}.Release|ARM.ActiveCfg = Release|ARM
		{10D8395C-5C98-45B4-BAB6-7EE0EB0AB579}.Release|ARM.Build.0 = Release|ARM
		{10D8395C-5C98-45B4-BAB6-7EE0EB0AB579}.Release|ARM.Deploy.0 = Release|ARM
		{10D8395C-5C98-45B4-BAB6-7EE0EB0AB579}.Release|x64.ActiveCfg = Release|x64
		{10D8395C-5C98-45B4-BAB6-7EE0EB0AB579}.Release|x64.Build.0 = Release|x64
		{10D8395C-5C98-45B4-BAB6-7EE0EB0AB579}.Release|x64.Deploy.0 = Release|x64
		{10D8395C-5C98-45B4-BAB6-7EE0EB0AB579}.Release|x86.ActiveCfg = Release|x86
		{10D8395C-5C98-45B4-BAB6-7EE0EB0AB579}.Release|x86.Build.0 = Release|x86
		{10D8395C-5C98-45B4-BAB6-7EE0EB0AB579}.Release|x86.Deploy.0 = Release|x86
		{14A65A52-23F7-44F3-BADE-FCBCDC2E9345}.Debug|ARM.ActiveCfg = Debug|ARM
		{14A65A52-23F7-44F3-BADE-FCBCDC2E9345}.Debug|ARM.Build.0 = Debug|ARM
		{14A65A52-23F7-44F3-BADE-FCBCDC2E9345}.Debug|ARM.Deploy.0 = Debug|ARM
		{14A65A52-23F7-44F3-BADE-FCBCDC2E9345}.Debug|x64.ActiveCfg = Debug|x64
		{14A65A52-23F7-44F3-BADE-FCBCDC2E9345}.Debug|x64.Build.0 = Debug|x64
		{14A65A52-23F7-44F3-BADE-FCBCDC2E9345}.Debug|x64.Deploy.0 = Debug|x64
		{14A65A52-23F7-44F3-BADE-FCBCDC2E9345}.Debug|x86.ActiveCfg = Debug|x86
		{14A65A52-23F7-44F3-BADE-FCBCDC2E9345}.Debug|x86.Build.0 = Debug|x86
		{14A65A52-23F7-44F3-BADE-FCBCDC2E9345}.Debug|x86.Deploy.0 = Debug|x86
		{14A65A52-23F7-44F3-BADE-FCBCDC2E9345}.Release|ARM.ActiveCfg = Release|ARM
		{14A65A52-23F7-44F3-BADE-FCBCDC2E9345}.Release|ARM.Build.0 = Release|ARM
		{14A65A52-23F7-44F3-BADE-FCBCDC2E9345}.Release|ARM.Deploy.0 = Release|ARM
		{14A65A52-23F7-44F3-BADE-FCBCDC2E9345}.Release|x64.ActiveCfg = Release|x64
		{14A65A52-23F7-44F3-BADE-FCBCDC2E9345}.Release|x64.Build.0 = Release|x64
		{14A65A52-23F7-44F3-BADE-FCBCDC2E9345}.Release|x64.Deploy.0 = Release|x64
		{14A65A52-23F7-44F3-BADE-FCBCDC2E9345}.Release|x86.ActiveCfg = Release|x86
		{14A65A52-23F7-44F3-BADE-FCBCDC2E9345}.Release|x86.Build.0 = Release|x86
		{14A65A52-23F7-44F3-BADE-FCBCDC2E9345}.Release|x86.Deploy.0 = Release|x86
		{90DE9B5F-FA2C-4259-ABA3-648BD23C3494}.Debug|ARM.ActiveCfg = Debug|ARM
		{90DE9B5F-FA2C-4259-ABA3-648BD23C3494}.Debug|ARM.Build.0 = Debug|ARM
		{90DE9B5F-FA2C-4259-ABA3-648BD23C3494}.Debug|ARM.Deploy.0 = Debug|ARM
		{90DE9B5F-FA2C-4259-ABA3-648BD23C3494}.Debug|x64.ActiveCfg = Debug|x64
		{90DE9B5F-FA2C-4259-ABA3-648BD23C3494}.Debug|x64.Build.0 = Debug|x64
		{90DE9B5F-FA2C-4259-ABA3-648BD23C3494}.Debug|x64.Deploy.0 = Debug|x64
		{90DE9B5F-FA2C-4259-ABA3-648BD23C3494}.Debug|x86.ActiveCfg = Debug|x86
		{90DE9B5F-FA2C-4259-ABA3-648BD23C3494}.Debug|x86.Build.0 = Debug|x86
		{90DE9B5F-FA2C-4259-ABA3-648BD23C3494}.Debug|x86.Deploy.0 = Debug|x86
		{90DE9B5F-FA2C-4259-ABA3-648BD23C3494}.Release|ARM.ActiveCfg = Release|ARM
		{90DE9B5F-FA2C-4259-ABA3-648BD23C3494}.Release|ARM.Build.0 = Release|ARM
		{90DE9B5F-FA2C-4259-ABA3-648BD23C3494}.Release|ARM.Deploy.0 = Release|ARM
		{90DE9B5F-FA2C-4259-ABA3-648BD23C3494}.Release|x64.ActiveCfg = Release|x64
		{90DE9B5F-FA2C-4259-ABA3-648BD23C3494}.Release|x64.Build.0 = Release|x64
		{90DE9B5F-FA2C-4259-ABA3-648BD23C3494}.Release|x64.Deploy.0 = Release|x64
		{90DE9B5F-FA2C-4259-ABA3-648BD23C3494}.Release|x86.ActiveCfg = Release|x86
		{90DE9B5F-FA2C-4259-ABA3-648BD23C3494}.Release|x86.Build.0 = Release|x86
		{90DE9B5F-FA2C-4259-ABA3-648BD23C3494}.Release|x86.Deploy.0 = Release|x86
		{725644F3-4C1B-4BC8-83C2-A1EA2506697D}.Debug|ARM.ActiveCfg = Debug|ARM
		{725644F3-4C1B-4BC8-83C2-A1EA2506697D}.Debug|ARM.Build.0 = Debug|ARM
		{725644F3-4C1B-4BC8-83C2-A1EA2506697D}.Debug|ARM.Deploy.0 = Debug|ARM
		{725644F3-4C1B-4BC8-83C2-A1EA2506697D}.Debug|x64.ActiveCfg = Debug|x64
		{725644F3-4C1B-4BC8-83C2-A1EA2506697D}.Debug|x64.Build.0 = Debug|x64
		{725644F3-4C1B-4BC8-83C2-A1EA2506697D}.Debug|x64.Deploy.0 = Debug|x64
		{725644F3-4C1B-4BC8-83C2-A1EA2506697D}.Debug|x86.ActiveCfg = Debug|x86
		{725644F3-4C1B-4BC8-83C2-A1EA2506697D}.Debug|x86.Build.0 = Debug|x86
		{725644F3-4C1B-4BC8-83C2-A1EA2506697D}.Debug|x86.Deploy.0 = Debug|x86
		{725644F3-4C1B-4BC8-83C2-A1EA2506697D}.Release|ARM.ActiveCfg = Release|ARM
		{725644F3-4C1B-4BC8-83C2-A1EA2506697D}.Release|ARM.Build.0 = Release|ARM
		{725644F3-4C1B-4BC8-83C2-A1EA2506697D}.Release|ARM.Deploy.0 = Release|ARM
		{725644F3-4C1B-4BC8-83C2-A1EA2506697D}.Release|x64.ActiveCfg = Release|x64
		{725644F3-4C1B-4BC8-83C2-A1EA2506697D}.Release|x64.Build.0 = Release|x64
		{725644F3-4C1B-4BC8-83C2-A1EA2506697D}.Release|x64.Deploy.0 = Release|x64
		{725644F3-4C1B-4BC8-83C2-A1EA2506697D}.Release|x86.ActiveCfg = Release|x86
		{725644F3-4C1B-4BC8-83C2-A1EA2506697D}.Release|x86.Build.0 = Release|x86
		{725644F3-4C1B-4BC8-83C2-A1EA2506697D}.Release|x86.Deploy.0 = Release|x86
	EndGlobalSection
	GlobalSection(SolutionProperties) = preSolution
		HideSolutionNode = FALSE
	EndGlobalSection
EndGlobal
